# This file is automatically @generated by Cargo.
# It is not intended for manual editing.
version = 3

[[package]]
name = "algorithms"
version = "0.1.0"
source = "git+https://github.com/SuperioOne/algorithms.git#32122e97ea76667bb857939e1249d469a501287c"

[[package]]
name = "challenge_1brc"
version = "0.1.0"
dependencies = [
 "algorithms",
 "libc",
]

[[package]]
name = "libc"
version = "0.2.156"
source = "registry+https://github.com/rust-lang/crates.io-index"
checksum = "a5f43f184355eefb8d17fc948dbecf6c13be3c141f20d834ae842193a448c72a"
